// !$*UTF8*$!
{
	archiveVersion = 1;
	classes = {
	};
	objectVersion = 48;
	objects = {

/* Begin PBXBuildFile section */
		9EE3FAEA82AB6ED315039EE0 /* libPods-Hodor.a in Frameworks */ = {isa = PBXBuildFile; fileRef = DBE987B2568B9F942A561753 /* libPods-Hodor.a */; };
		AF450C1C1F783C970080E0C4 /* HUserFormController.m in Sources */ = {isa = PBXBuildFile; fileRef = AF450C1B1F783C970080E0C4 /* HUserFormController.m */; };
		AF73D8CE1F76C69B00903AF6 /* HMeasurementCell.m in Sources */ = {isa = PBXBuildFile; fileRef = AF73D8CD1F76C69B00903AF6 /* HMeasurementCell.m */; };
		AF73D8D11F76C70700903AF6 /* HUserCell.m in Sources */ = {isa = PBXBuildFile; fileRef = AF73D8D01F76C70700903AF6 /* HUserCell.m */; };
		AF73D8D41F76C91100903AF6 /* HMeasurementsController.m in Sources */ = {isa = PBXBuildFile; fileRef = AF73D8D31F76C91100903AF6 /* HMeasurementsController.m */; };
		AF73D8D71F76CBFA00903AF6 /* HUsersController.m in Sources */ = {isa = PBXBuildFile; fileRef = AF73D8D61F76CBFA00903AF6 /* HUsersController.m */; };
		AF73D8DA1F76D0FA00903AF6 /* HUser.m in Sources */ = {isa = PBXBuildFile; fileRef = AF73D8D91F76D0FA00903AF6 /* HUser.m */; };
		AF73D8DD1F76D18600903AF6 /* HMeasurement.m in Sources */ = {isa = PBXBuildFile; fileRef = AF73D8DC1F76D18600903AF6 /* HMeasurement.m */; };
		AF73D8E01F76D23E00903AF6 /* HApiClient.m in Sources */ = {isa = PBXBuildFile; fileRef = AF73D8DF1F76D23E00903AF6 /* HApiClient.m */; };
		AFA24CA31F7664F30018E4C8 /* AppDelegate.m in Sources */ = {isa = PBXBuildFile; fileRef = AFA24CA21F7664F30018E4C8 /* AppDelegate.m */; };
		AFA24CAC1F7664F30018E4C8 /* Main.storyboard in Resources */ = {isa = PBXBuildFile; fileRef = AFA24CAA1F7664F30018E4C8 /* Main.storyboard */; };
		AFA24CAE1F7664F30018E4C8 /* Assets.xcassets in Resources */ = {isa = PBXBuildFile; fileRef = AFA24CAD1F7664F30018E4C8 /* Assets.xcassets */; };
		AFA24CB11F7664F30018E4C8 /* LaunchScreen.storyboard in Resources */ = {isa = PBXBuildFile; fileRef = AFA24CAF1F7664F30018E4C8 /* LaunchScreen.storyboard */; };
		AFA24CB41F7664F30018E4C8 /* main.m in Sources */ = {isa = PBXBuildFile; fileRef = AFA24CB31F7664F30018E4C8 /* main.m */; };
/* End PBXBuildFile section */

/* Begin PBXCopyFilesBuildPhase section */
		AF05210F1F76E4330081264D /* Embed Frameworks */ = {
			isa = PBXCopyFilesBuildPhase;
			buildActionMask = 2147483647;
			dstPath = "";
			dstSubfolderSpec = 10;
			files = (
			);
			name = "Embed Frameworks";
			runOnlyForDeploymentPostprocessing = 0;
		};
/* End PBXCopyFilesBuildPhase section */

/* Begin PBXFileReference section */
		863FE178CD0AF0DAAB329F37 /* Pods-Hodor.release.xcconfig */ = {isa = PBXFileReference; includeInIndex = 1; lastKnownFileType = text.xcconfig; name = "Pods-Hodor.release.xcconfig"; path = "Pods/Target Support Files/Pods-Hodor/Pods-Hodor.release.xcconfig"; sourceTree = "<group>"; };
		AF450C1A1F783C970080E0C4 /* HUserFormController.h */ = {isa = PBXFileReference; fileEncoding = 4; lastKnownFileType = sourcecode.c.h; path = HUserFormController.h; sourceTree = "<group>"; };
		AF450C1B1F783C970080E0C4 /* HUserFormController.m */ = {isa = PBXFileReference; fileEncoding = 4; lastKnownFileType = sourcecode.c.objc; path = HUserFormController.m; sourceTree = "<group>"; };
		AF73D8CC1F76C69B00903AF6 /* HMeasurementCell.h */ = {isa = PBXFileReference; fileEncoding = 4; lastKnownFileType = sourcecode.c.h; path = HMeasurementCell.h; sourceTree = "<group>"; };
		AF73D8CD1F76C69B00903AF6 /* HMeasurementCell.m */ = {isa = PBXFileReference; fileEncoding = 4; lastKnownFileType = sourcecode.c.objc; path = HMeasurementCell.m; sourceTree = "<group>"; };
		AF73D8CF1F76C70700903AF6 /* HUserCell.h */ = {isa = PBXFileReference; fileEncoding = 4; lastKnownFileType = sourcecode.c.h; path = HUserCell.h; sourceTree = "<group>"; };
		AF73D8D01F76C70700903AF6 /* HUserCell.m */ = {isa = PBXFileReference; fileEncoding = 4; lastKnownFileType = sourcecode.c.objc; path = HUserCell.m; sourceTree = "<group>"; };
		AF73D8D21F76C91100903AF6 /* HMeasurementsController.h */ = {isa = PBXFileReference; fileEncoding = 4; lastKnownFileType = sourcecode.c.h; path = HMeasurementsController.h; sourceTree = "<group>"; };
		AF73D8D31F76C91100903AF6 /* HMeasurementsController.m */ = {isa = PBXFileReference; fileEncoding = 4; lastKnownFileType = sourcecode.c.objc; path = HMeasurementsController.m; sourceTree = "<group>"; };
		AF73D8D51F76CBFA00903AF6 /* HUsersController.h */ = {isa = PBXFileReference; fileEncoding = 4; lastKnownFileType = sourcecode.c.h; path = HUsersController.h; sourceTree = "<group>"; };
		AF73D8D61F76CBFA00903AF6 /* HUsersController.m */ = {isa = PBXFileReference; fileEncoding = 4; lastKnownFileType = sourcecode.c.objc; path = HUsersController.m; sourceTree = "<group>"; };
		AF73D8D81F76D0FA00903AF6 /* HUser.h */ = {isa = PBXFileReference; fileEncoding = 4; lastKnownFileType = sourcecode.c.h; path = HUser.h; sourceTree = "<group>"; };
		AF73D8D91F76D0FA00903AF6 /* HUser.m */ = {isa = PBXFileReference; fileEncoding = 4; lastKnownFileType = sourcecode.c.objc; path = HUser.m; sourceTree = "<group>"; };
		AF73D8DB1F76D18600903AF6 /* HMeasurement.h */ = {isa = PBXFileReference; fileEncoding = 4; lastKnownFileType = sourcecode.c.h; path = HMeasurement.h; sourceTree = "<group>"; };
		AF73D8DC1F76D18600903AF6 /* HMeasurement.m */ = {isa = PBXFileReference; fileEncoding = 4; lastKnownFileType = sourcecode.c.objc; path = HMeasurement.m; sourceTree = "<group>"; };
		AF73D8DE1F76D23E00903AF6 /* HApiClient.h */ = {isa = PBXFileReference; fileEncoding = 4; lastKnownFileType = sourcecode.c.h; path = HApiClient.h; sourceTree = "<group>"; };
		AF73D8DF1F76D23E00903AF6 /* HApiClient.m */ = {isa = PBXFileReference; fileEncoding = 4; lastKnownFileType = sourcecode.c.objc; path = HApiClient.m; sourceTree = "<group>"; };
		AFA24C9E1F7664F30018E4C8 /* Hodor.app */ = {isa = PBXFileReference; explicitFileType = wrapper.application; includeInIndex = 0; path = Hodor.app; sourceTree = BUILT_PRODUCTS_DIR; };
		AFA24CA11F7664F30018E4C8 /* AppDelegate.h */ = {isa = PBXFileReference; lastKnownFileType = sourcecode.c.h; path = AppDelegate.h; sourceTree = "<group>"; };
		AFA24CA21F7664F30018E4C8 /* AppDelegate.m */ = {isa = PBXFileReference; lastKnownFileType = sourcecode.c.objc; path = AppDelegate.m; sourceTree = "<group>"; };
		AFA24CAB1F7664F30018E4C8 /* Base */ = {isa = PBXFileReference; lastKnownFileType = file.storyboard; name = Base; path = Base.lproj/Main.storyboard; sourceTree = "<group>"; };
		AFA24CAD1F7664F30018E4C8 /* Assets.xcassets */ = {isa = PBXFileReference; lastKnownFileType = folder.assetcatalog; path = Assets.xcassets; sourceTree = "<group>"; };
		AFA24CB01F7664F30018E4C8 /* Base */ = {isa = PBXFileReference; lastKnownFileType = file.storyboard; name = Base; path = Base.lproj/LaunchScreen.storyboard; sourceTree = "<group>"; };
		AFA24CB21F7664F30018E4C8 /* Info.plist */ = {isa = PBXFileReference; lastKnownFileType = text.plist.xml; path = Info.plist; sourceTree = "<group>"; };
		AFA24CB31F7664F30018E4C8 /* main.m */ = {isa = PBXFileReference; lastKnownFileType = sourcecode.c.objc; path = main.m; sourceTree = "<group>"; };
		DBE987B2568B9F942A561753 /* libPods-Hodor.a */ = {isa = PBXFileReference; explicitFileType = archive.ar; includeInIndex = 0; path = "libPods-Hodor.a"; sourceTree = BUILT_PRODUCTS_DIR; };
		E3B0123C6A311F378AAFA276 /* Pods-Hodor.debug.xcconfig */ = {isa = PBXFileReference; includeInIndex = 1; lastKnownFileType = text.xcconfig; name = "Pods-Hodor.debug.xcconfig"; path = "Pods/Target Support Files/Pods-Hodor/Pods-Hodor.debug.xcconfig"; sourceTree = "<group>"; };
/* End PBXFileReference section */

/* Begin PBXFrameworksBuildPhase section */
		AFA24C9B1F7664F30018E4C8 /* Frameworks */ = {
			isa = PBXFrameworksBuildPhase;
			buildActionMask = 2147483647;
			files = (
				9EE3FAEA82AB6ED315039EE0 /* libPods-Hodor.a in Frameworks */,
			);
			runOnlyForDeploymentPostprocessing = 0;
		};
/* End PBXFrameworksBuildPhase section */

/* Begin PBXGroup section */
		20540EE3577FF28F7ADEB2B0 /* Frameworks */ = {
			isa = PBXGroup;
			children = (
				DBE987B2568B9F942A561753 /* libPods-Hodor.a */,
			);
			name = Frameworks;
			sourceTree = "<group>";
		};
		2CD171B27B4C6D5432634101 /* Pods */ = {
			isa = PBXGroup;
			children = (
				E3B0123C6A311F378AAFA276 /* Pods-Hodor.debug.xcconfig */,
				863FE178CD0AF0DAAB329F37 /* Pods-Hodor.release.xcconfig */,
			);
			name = Pods;
			sourceTree = "<group>";
		};
		AF00EFF31F76BD4C00A999FA /* Model */ = {
			isa = PBXGroup;
			children = (
				AF73D8D81F76D0FA00903AF6 /* HUser.h */,
				AF73D8D91F76D0FA00903AF6 /* HUser.m */,
				AF73D8DB1F76D18600903AF6 /* HMeasurement.h */,
				AF73D8DC1F76D18600903AF6 /* HMeasurement.m */,
			);
			path = Model;
			sourceTree = "<group>";
		};
		AF00EFF41F76BD5500A999FA /* Controller */ = {
			isa = PBXGroup;
			children = (
				AF73D8D21F76C91100903AF6 /* HMeasurementsController.h */,
				AF73D8D31F76C91100903AF6 /* HMeasurementsController.m */,
				AF450C1A1F783C970080E0C4 /* HUserFormController.h */,
				AF450C1B1F783C970080E0C4 /* HUserFormController.m */,
				AF73D8D51F76CBFA00903AF6 /* HUsersController.h */,
				AF73D8D61F76CBFA00903AF6 /* HUsersController.m */,
			);
			path = Controller;
			sourceTree = "<group>";
		};
		AF00EFF51F76BD5B00A999FA /* View */ = {
			isa = PBXGroup;
			children = (
				AF73D8CC1F76C69B00903AF6 /* HMeasurementCell.h */,
				AF73D8CD1F76C69B00903AF6 /* HMeasurementCell.m */,
				AF73D8CF1F76C70700903AF6 /* HUserCell.h */,
				AF73D8D01F76C70700903AF6 /* HUserCell.m */,
			);
			path = View;
			sourceTree = "<group>";
		};
		AF00EFF61F76BD6500A999FA /* Service */ = {
			isa = PBXGroup;
			children = (
				AF73D8DE1F76D23E00903AF6 /* HApiClient.h */,
				AF73D8DF1F76D23E00903AF6 /* HApiClient.m */,
			);
			path = Service;
			sourceTree = "<group>";
		};
		AF00EFF71F76BD7700A999FA /* App */ = {
			isa = PBXGroup;
			children = (
				AFA24CA11F7664F30018E4C8 /* AppDelegate.h */,
				AFA24CA21F7664F30018E4C8 /* AppDelegate.m */,
			);
			path = App;
			sourceTree = "<group>";
		};
		AF00EFF81F76BEB900A999FA /* Supporting */ = {
			isa = PBXGroup;
			children = (
				AFA24CAD1F7664F30018E4C8 /* Assets.xcassets */,
				AFA24CB21F7664F30018E4C8 /* Info.plist */,
				AFA24CAF1F7664F30018E4C8 /* LaunchScreen.storyboard */,
				AFA24CB31F7664F30018E4C8 /* main.m */,
			);
			name = Supporting;
			sourceTree = "<group>";
		};
		AFA24C951F7664F30018E4C8 = {
			isa = PBXGroup;
			children = (
				AFA24CA01F7664F30018E4C8 /* Hodor */,
				AFA24C9F1F7664F30018E4C8 /* Products */,
				2CD171B27B4C6D5432634101 /* Pods */,
				20540EE3577FF28F7ADEB2B0 /* Frameworks */,
			);
			sourceTree = "<group>";
		};
		AFA24C9F1F7664F30018E4C8 /* Products */ = {
			isa = PBXGroup;
			children = (
				AFA24C9E1F7664F30018E4C8 /* Hodor.app */,
			);
			name = Products;
			sourceTree = "<group>";
		};
		AFA24CA01F7664F30018E4C8 /* Hodor */ = {
			isa = PBXGroup;
			children = (
				AF00EFF71F76BD7700A999FA /* App */,
				AF00EFF41F76BD5500A999FA /* Controller */,
				AF00EFF31F76BD4C00A999FA /* Model */,
				AF00EFF61F76BD6500A999FA /* Service */,
				AF00EFF81F76BEB900A999FA /* Supporting */,
				AF00EFF51F76BD5B00A999FA /* View */,
				AFA24CAA1F7664F30018E4C8 /* Main.storyboard */,
			);
			path = Hodor;
			sourceTree = "<group>";
		};
/* End PBXGroup section */

/* Begin PBXNativeTarget section */
		AFA24C9D1F7664F30018E4C8 /* Hodor */ = {
			isa = PBXNativeTarget;
			buildConfigurationList = AFA24CB71F7664F30018E4C8 /* Build configuration list for PBXNativeTarget "Hodor" */;
			buildPhases = (
				D50BBD2DA962F37DC8730687 /* [CP] Check Pods Manifest.lock */,
				AFA24C9A1F7664F30018E4C8 /* Sources */,
				AFA24C9B1F7664F30018E4C8 /* Frameworks */,
				AFA24C9C1F7664F30018E4C8 /* Resources */,
				AD00C3BC6763B97B5E9EB137 /* [CP] Embed Pods Frameworks */,
				F1FE62D22B796B9AD7183257 /* [CP] Copy Pods Resources */,
				AF05210F1F76E4330081264D /* Embed Frameworks */,
			);
			buildRules = (
			);
			dependencies = (
			);
			name = Hodor;
			productName = Hodor;
			productReference = AFA24C9E1F7664F30018E4C8 /* Hodor.app */;
			productType = "com.apple.product-type.application";
		};
/* End PBXNativeTarget section */

/* Begin PBXProject section */
		AFA24C961F7664F30018E4C8 /* Project object */ = {
			isa = PBXProject;
			attributes = {
				CLASSPREFIX = H;
				LastUpgradeCheck = 0900;
				ORGANIZATIONNAME = Antrov;
				TargetAttributes = {
					AFA24C9D1F7664F30018E4C8 = {
						CreatedOnToolsVersion = 9.0;
						ProvisioningStyle = Automatic;
					};
				};
			};
			buildConfigurationList = AFA24C991F7664F30018E4C8 /* Build configuration list for PBXProject "Hodor" */;
			compatibilityVersion = "Xcode 8.0";
			developmentRegion = en;
			hasScannedForEncodings = 0;
			knownRegions = (
				en,
				Base,
			);
			mainGroup = AFA24C951F7664F30018E4C8;
			productRefGroup = AFA24C9F1F7664F30018E4C8 /* Products */;
			projectDirPath = "";
			projectRoot = "";
			targets = (
				AFA24C9D1F7664F30018E4C8 /* Hodor */,
			);
		};
/* End PBXProject section */

/* Begin PBXResourcesBuildPhase section */
		AFA24C9C1F7664F30018E4C8 /* Resources */ = {
			isa = PBXResourcesBuildPhase;
			buildActionMask = 2147483647;
			files = (
				AFA24CB11F7664F30018E4C8 /* LaunchScreen.storyboard in Resources */,
				AFA24CAE1F7664F30018E4C8 /* Assets.xcassets in Resources */,
				AFA24CAC1F7664F30018E4C8 /* Main.storyboard in Resources */,
			);
			runOnlyForDeploymentPostprocessing = 0;
		};
/* End PBXResourcesBuildPhase section */

/* Begin PBXShellScriptBuildPhase section */
		AD00C3BC6763B97B5E9EB137 /* [CP] Embed Pods Frameworks */ = {
			isa = PBXShellScriptBuildPhase;
			buildActionMask = 2147483647;
			files = (
			);
			inputPaths = (
			);
			name = "[CP] Embed Pods Frameworks";
			outputPaths = (
			);
			runOnlyForDeploymentPostprocessing = 0;
			shellPath = /bin/sh;
			shellScript = "\"${SRCROOT}/Pods/Target Support Files/Pods-Hodor/Pods-Hodor-frameworks.sh\"\n";
			showEnvVarsInLog = 0;
		};
		D50BBD2DA962F37DC8730687 /* [CP] Check Pods Manifest.lock */ = {
			isa = PBXShellScriptBuildPhase;
			buildActionMask = 2147483647;
			files = (
			);
			inputPaths = (
				"${PODS_PODFILE_DIR_PATH}/Podfile.lock",
				"${PODS_ROOT}/Manifest.lock",
			);
			name = "[CP] Check Pods Manifest.lock";
			outputPaths = (
				"$(DERIVED_FILE_DIR)/Pods-Hodor-checkManifestLockResult.txt",
			);
			runOnlyForDeploymentPostprocessing = 0;
			shellPath = /bin/sh;
			shellScript = "diff \"${PODS_PODFILE_DIR_PATH}/Podfile.lock\" \"${PODS_ROOT}/Manifest.lock\" > /dev/null\nif [ $? != 0 ] ; then\n    # print error to STDERR\n    echo \"error: The sandbox is not in sync with the Podfile.lock. Run 'pod install' or update your CocoaPods installation.\" >&2\n    exit 1\nfi\n# This output is used by Xcode 'outputs' to avoid re-running this script phase.\necho \"SUCCESS\" > \"${SCRIPT_OUTPUT_FILE_0}\"\n";
			showEnvVarsInLog = 0;
		};
		F1FE62D22B796B9AD7183257 /* [CP] Copy Pods Resources */ = {
			isa = PBXShellScriptBuildPhase;
			buildActionMask = 2147483647;
			files = (
			);
			inputPaths = (
			);
			name = "[CP] Copy Pods Resources";
			outputPaths = (
			);
			runOnlyForDeploymentPostprocessing = 0;
			shellPath = /bin/sh;
			shellScript = "\"${SRCROOT}/Pods/Target Support Files/Pods-Hodor/Pods-Hodor-resources.sh\"\n";
			showEnvVarsInLog = 0;
		};
/* End PBXShellScriptBuildPhase section */

/* Begin PBXSourcesBuildPhase section */
		AFA24C9A1F7664F30018E4C8 /* Sources */ = {
			isa = PBXSourcesBuildPhase;
			buildActionMask = 2147483647;
			files = (
				AF73D8D11F76C70700903AF6 /* HUserCell.m in Sources */,
				AF73D8DA1F76D0FA00903AF6 /* HUser.m in Sources */,
				AF73D8DD1F76D18600903AF6 /* HMeasurement.m in Sources */,
				AF450C1C1F783C970080E0C4 /* HUserFormController.m in Sources */,
				AF73D8D71F76CBFA00903AF6 /* HUsersController.m in Sources */,
				AF73D8CE1F76C69B00903AF6 /* HMeasurementCell.m in Sources */,
				AF73D8E01F76D23E00903AF6 /* HApiClient.m in Sources */,
				AFA24CA31F7664F30018E4C8 /* AppDelegate.m in Sources */,
				AFA24CB41F7664F30018E4C8 /* main.m in Sources */,
				AF73D8D41F76C91100903AF6 /* HMeasurementsController.m in Sources */,
			);
			runOnlyForDeploymentPostprocessing = 0;
		};
/* End PBXSourcesBuildPhase section */

/* Begin PBXVariantGroup section */
		AFA24CAA1F7664F30018E4C8 /* Main.storyboard */ = {
			isa = PBXVariantGroup;
			children = (
				AFA24CAB1F7664F30018E4C8 /* Base */,
			);
			name = Main.storyboard;
			sourceTree = "<group>";
		};
		AFA24CAF1F7664F30018E4C8 /* LaunchScreen.storyboard */ = {
			isa = PBXVariantGroup;
			children = (
				AFA24CB01F7664F30018E4C8 /* Base */,
			);
			name = LaunchScreen.storyboard;
			sourceTree = "<group>";
		};
/* End PBXVariantGroup section */

/* Begin XCBuildConfiguration section */
		AFA24CB51F7664F30018E4C8 /* Debug */ = {
			isa = XCBuildConfiguration;
			buildSettings = {
				ALWAYS_SEARCH_USER_PATHS = NO;
				CLANG_ANALYZER_NONNULL = YES;
				CLANG_ANALYZER_NUMBER_OBJECT_CONVERSION = YES_AGGRESSIVE;
				CLANG_CXX_LANGUAGE_STANDARD = "gnu++14";
				CLANG_CXX_LIBRARY = "libc++";
				CLANG_ENABLE_MODULES = YES;
				CLANG_ENABLE_OBJC_ARC = YES;
				CLANG_WARN_BLOCK_CAPTURE_AUTORELEASING = YES;
				CLANG_WARN_BOOL_CONVERSION = YES;
				CLANG_WARN_COMMA = YES;
				CLANG_WARN_CONSTANT_CONVERSION = YES;
				CLANG_WARN_DIRECT_OBJC_ISA_USAGE = YES_ERROR;
				CLANG_WARN_DOCUMENTATION_COMMENTS = YES;
				CLANG_WARN_EMPTY_BODY = YES;
				CLANG_WARN_ENUM_CONVERSION = YES;
				CLANG_WARN_INFINITE_RECURSION = YES;
				CLANG_WARN_INT_CONVERSION = YES;
				CLANG_WARN_NON_LITERAL_NULL_CONVERSION = YES;
				CLANG_WARN_OBJC_LITERAL_CONVERSION = YES;
				CLANG_WARN_OBJC_ROOT_CLASS = YES_ERROR;
				CLANG_WARN_RANGE_LOOP_ANALYSIS = YES;
				CLANG_WARN_STRICT_PROTOTYPES = YES;
				CLANG_WARN_SUSPICIOUS_MOVE = YES;
				CLANG_WARN_UNGUARDED_AVAILABILITY = YES_AGGRESSIVE;
				CLANG_WARN_UNREACHABLE_CODE = YES;
				CLANG_WARN__DUPLICATE_METHOD_MATCH = YES;
				CODE_SIGN_IDENTITY = "iPhone Developer";
				COPY_PHASE_STRIP = NO;
				DEBUG_INFORMATION_FORMAT = dwarf;
				ENABLE_STRICT_OBJC_MSGSEND = YES;
				ENABLE_TESTABILITY = YES;
				GCC_C_LANGUAGE_STANDARD = gnu11;
				GCC_DYNAMIC_NO_PIC = NO;
				GCC_NO_COMMON_BLOCKS = YES;
				GCC_OPTIMIZATION_LEVEL = 0;
				GCC_PREPROCESSOR_DEFINITIONS = (
					"DEBUG=1",
					"$(inherited)",
				);
				GCC_WARN_64_TO_32_BIT_CONVERSION = YES;
				GCC_WARN_ABOUT_RETURN_TYPE = YES_ERROR;
				GCC_WARN_UNDECLARED_SELECTOR = YES;
				GCC_WARN_UNINITIALIZED_AUTOS = YES_AGGRESSIVE;
				GCC_WARN_UNUSED_FUNCTION = YES;
				GCC_WARN_UNUSED_VARIABLE = YES;
				IPHONEOS_DEPLOYMENT_TARGET = 11.0;
				MTL_ENABLE_DEBUG_INFO = YES;
				ONLY_ACTIVE_ARCH = YES;
				SDKROOT = iphoneos;
			};
			name = Debug;
		};
		AFA24CB61F7664F30018E4C8 /* Release */ = {
			isa = XCBuildConfiguration;
			buildSettings = {
				ALWAYS_SEARCH_USER_PATHS = NO;
				CLANG_ANALYZER_NONNULL = YES;
				CLANG_ANALYZER_NUMBER_OBJECT_CONVERSION = YES_AGGRESSIVE;
				CLANG_CXX_LANGUAGE_STANDARD = "gnu++14";
				CLANG_CXX_LIBRARY = "libc++";
				CLANG_ENABLE_MODULES = YES;
				CLANG_ENABLE_OBJC_ARC = YES;
				CLANG_WARN_BLOCK_CAPTURE_AUTORELEASING = YES;
				CLANG_WARN_BOOL_CONVERSION = YES;
				CLANG_WARN_COMMA = YES;
				CLANG_WARN_CONSTANT_CONVERSION = YES;
				CLANG_WARN_DIRECT_OBJC_ISA_USAGE = YES_ERROR;
				CLANG_WARN_DOCUMENTATION_COMMENTS = YES;
				CLANG_WARN_EMPTY_BODY = YES;
				CLANG_WARN_ENUM_CONVERSION = YES;
				CLANG_WARN_INFINITE_RECURSION = YES;
				CLANG_WARN_INT_CONVERSION = YES;
				CLANG_WARN_NON_LITERAL_NULL_CONVERSION = YES;
				CLANG_WARN_OBJC_LITERAL_CONVERSION = YES;
				CLANG_WARN_OBJC_ROOT_CLASS = YES_ERROR;
				CLANG_WARN_RANGE_LOOP_ANALYSIS = YES;
				CLANG_WARN_STRICT_PROTOTYPES = YES;
				CLANG_WARN_SUSPICIOUS_MOVE = YES;
				CLANG_WARN_UNGUARDED_AVAILABILITY = YES_AGGRESSIVE;
				CLANG_WARN_UNREACHABLE_CODE = YES;
				CLANG_WARN__DUPLICATE_METHOD_MATCH = YES;
				CODE_SIGN_IDENTITY = "iPhone Developer";
				COPY_PHASE_STRIP = NO;
				DEBUG_INFORMATION_FORMAT = "dwarf-with-dsym";
				ENABLE_NS_ASSERTIONS = NO;
				ENABLE_STRICT_OBJC_MSGSEND = YES;
				GCC_C_LANGUAGE_STANDARD = gnu11;
				GCC_NO_COMMON_BLOCKS = YES;
				GCC_WARN_64_TO_32_BIT_CONVERSION = YES;
				GCC_WARN_ABOUT_RETURN_TYPE = YES_ERROR;
				GCC_WARN_UNDECLARED_SELECTOR = YES;
				GCC_WARN_UNINITIALIZED_AUTOS = YES_AGGRESSIVE;
				GCC_WARN_UNUSED_FUNCTION = YES;
				GCC_WARN_UNUSED_VARIABLE = YES;
				IPHONEOS_DEPLOYMENT_TARGET = 11.0;
				MTL_ENABLE_DEBUG_INFO = NO;
				SDKROOT = iphoneos;
				VALIDATE_PRODUCT = YES;
			};
			name = Release;
		};
		AFA24CB81F7664F30018E4C8 /* Debug */ = {
			isa = XCBuildConfiguration;
			baseConfigurationReference = E3B0123C6A311F378AAFA276 /* Pods-Hodor.debug.xcconfig */;
			buildSettings = {
				ASSETCATALOG_COMPILER_APPICON_NAME = AppIcon;
				CODE_SIGN_STYLE = Automatic;
				DEVELOPMENT_TEAM = 8JCQ7MZJ24;
				FRAMEWORK_SEARCH_PATHS = (
					"$(inherited)",
					"$(PROJECT_DIR)/PromiseKit/build/Debug",
					"$(PROJECT_DIR)",
				);
				INFOPLIST_FILE = Hodor/Info.plist;
				IPHONEOS_DEPLOYMENT_TARGET = 7.1;
				LD_RUNPATH_SEARCH_PATHS = "$(inherited) @executable_path/Frameworks";
				PRODUCT_BUNDLE_IDENTIFIER = com.antrov.Hodor;
				PRODUCT_NAME = "$(TARGET_NAME)";
				SDKROOT = iphoneos;
				TARGETED_DEVICE_FAMILY = "1,2";
			};
			name = Debug;
		};
		AFA24CB91F7664F30018E4C8 /* Release */ = {
			isa = XCBuildConfiguration;
			baseConfigurationReference = 863FE178CD0AF0DAAB329F37 /* Pods-Hodor.release.xcconfig */;
			buildSettings = {
				ASSETCATALOG_COMPILER_APPICON_NAME = AppIcon;
				CODE_SIGN_STYLE = Automatic;
				DEVELOPMENT_TEAM = 8JCQ7MZJ24;
				FRAMEWORK_SEARCH_PATHS = (
					"$(inherited)",
					"$(PROJECT_DIR)/PromiseKit/build/Debug",
					"$(PROJECT_DIR)",
				);
				INFOPLIST_FILE = Hodor/Info.plist;
				IPHONEOS_DEPLOYMENT_TARGET = 7.1;
				LD_RUNPATH_SEARCH_PATHS = "$(inherited) @executable_path/Frameworks";
				PRODUCT_BUNDLE_IDENTIFIER = com.antrov.Hodor;
				PRODUCT_NAME = "$(TARGET_NAME)";
				SDKROOT = iphoneos;
				TARGETED_DEVICE_FAMILY = "1,2";
			};
			name = Release;
		};
/* End XCBuildConfiguration section */

/* Begin XCConfigurationList section */
		AFA24C991F7664F30018E4C8 /* Build configuration list for PBXProject "Hodor" */ = {
			isa = XCConfigurationList;
			buildConfigurations = (
				AFA24CB51F7664F30018E4C8 /* Debug */,
				AFA24CB61F7664F30018E4C8 /* Release */,
			);
			defaultConfigurationIsVisible = 0;
			defaultConfigurationName = Release;
		};
		AFA24CB71F7664F30018E4C8 /* Build configuration list for PBXNativeTarget "Hodor" */ = {
			isa = XCConfigurationList;
			buildConfigurations = (
				AFA24CB81F7664F30018E4C8 /* Debug */,
				AFA24CB91F7664F30018E4C8 /* Release */,
			);
			defaultConfigurationIsVisible = 0;
			defaultConfigurationName = Release;
		};
/* End XCConfigurationList section */
	};
	rootObject = AFA24C961F7664F30018E4C8 /* Project object */;
}
