// !$*UTF8*$!
{
	archiveVersion = 1;
	classes = {
	};
	objectVersion = 46;
	objects = {

/* Begin PBXBuildFile section */
		AF4023B51F743E0300AF1756 /* UsersController.swift in Sources */ = {isa = PBXBuildFile; fileRef = AF4023B41F743E0300AF1756 /* UsersController.swift */; };
		AF4823391F719DB700E83503 /* SettingsController.swift in Sources */ = {isa = PBXBuildFile; fileRef = AF4823381F719DB700E83503 /* SettingsController.swift */; };
		AF48233B1F71BFCE00E83503 /* HistoryController.swift in Sources */ = {isa = PBXBuildFile; fileRef = AF48233A1F71BFCE00E83503 /* HistoryController.swift */; };
		AF4911F61F7063B0003701AC /* AppDelegate.swift in Sources */ = {isa = PBXBuildFile; fileRef = AF4911F51F7063B0003701AC /* AppDelegate.swift */; };
		AF4911F81F7063B0003701AC /* ViewController.swift in Sources */ = {isa = PBXBuildFile; fileRef = AF4911F71F7063B0003701AC /* ViewController.swift */; };
		AF4911FB1F7063B0003701AC /* Main.storyboard in Resources */ = {isa = PBXBuildFile; fileRef = AF4911F91F7063B0003701AC /* Main.storyboard */; };
		AF4911FD1F7063B0003701AC /* Assets.xcassets in Resources */ = {isa = PBXBuildFile; fileRef = AF4911FC1F7063B0003701AC /* Assets.xcassets */; };
		AF4912001F7063B0003701AC /* LaunchScreen.storyboard in Resources */ = {isa = PBXBuildFile; fileRef = AF4911FE1F7063B0003701AC /* LaunchScreen.storyboard */; };
		AF5A608D1F73104800F927FD /* HistoryCell.swift in Sources */ = {isa = PBXBuildFile; fileRef = AF5A608C1F73104800F927FD /* HistoryCell.swift */; };
/* End PBXBuildFile section */

/* Begin PBXFileReference section */
		AF4023B41F743E0300AF1756 /* UsersController.swift */ = {isa = PBXFileReference; fileEncoding = 4; lastKnownFileType = sourcecode.swift; path = UsersController.swift; sourceTree = "<group>"; };
		AF4823381F719DB700E83503 /* SettingsController.swift */ = {isa = PBXFileReference; fileEncoding = 4; lastKnownFileType = sourcecode.swift; path = SettingsController.swift; sourceTree = "<group>"; };
		AF48233A1F71BFCE00E83503 /* HistoryController.swift */ = {isa = PBXFileReference; fileEncoding = 4; lastKnownFileType = sourcecode.swift; path = HistoryController.swift; sourceTree = "<group>"; };
		AF4911F21F7063B0003701AC /* Hodor.app */ = {isa = PBXFileReference; explicitFileType = wrapper.application; includeInIndex = 0; path = Hodor.app; sourceTree = BUILT_PRODUCTS_DIR; };
		AF4911F51F7063B0003701AC /* AppDelegate.swift */ = {isa = PBXFileReference; lastKnownFileType = sourcecode.swift; path = AppDelegate.swift; sourceTree = "<group>"; };
		AF4911F71F7063B0003701AC /* ViewController.swift */ = {isa = PBXFileReference; lastKnownFileType = sourcecode.swift; path = ViewController.swift; sourceTree = "<group>"; };
		AF4911FA1F7063B0003701AC /* Base */ = {isa = PBXFileReference; lastKnownFileType = file.storyboard; name = Base; path = Base.lproj/Main.storyboard; sourceTree = "<group>"; };
		AF4911FC1F7063B0003701AC /* Assets.xcassets */ = {isa = PBXFileReference; lastKnownFileType = folder.assetcatalog; path = Assets.xcassets; sourceTree = "<group>"; };
		AF4911FF1F7063B0003701AC /* Base */ = {isa = PBXFileReference; lastKnownFileType = file.storyboard; name = Base; path = Base.lproj/LaunchScreen.storyboard; sourceTree = "<group>"; };
		AF4912011F7063B0003701AC /* Info.plist */ = {isa = PBXFileReference; lastKnownFileType = text.plist.xml; path = Info.plist; sourceTree = "<group>"; };
		AF4912081F706A84003701AC /* CoreMotion.framework */ = {isa = PBXFileReference; lastKnownFileType = wrapper.framework; name = CoreMotion.framework; path = System/Library/Frameworks/CoreMotion.framework; sourceTree = SDKROOT; };
		AF5A608C1F73104800F927FD /* HistoryCell.swift */ = {isa = PBXFileReference; fileEncoding = 4; lastKnownFileType = sourcecode.swift; path = HistoryCell.swift; sourceTree = "<group>"; };
/* End PBXFileReference section */

/* Begin PBXFrameworksBuildPhase section */
		AF4911EF1F7063B0003701AC /* Frameworks */ = {
			isa = PBXFrameworksBuildPhase;
			buildActionMask = 2147483647;
			files = (
			);
			runOnlyForDeploymentPostprocessing = 0;
		};
/* End PBXFrameworksBuildPhase section */

/* Begin PBXGroup section */
		AF4911E91F7063B0003701AC = {
			isa = PBXGroup;
			children = (
				AF4911F41F7063B0003701AC /* Hodor */,
				AF4911F31F7063B0003701AC /* Products */,
				AF4912071F706A84003701AC /* Frameworks */,
			);
			sourceTree = "<group>";
		};
		AF4911F31F7063B0003701AC /* Products */ = {
			isa = PBXGroup;
			children = (
				AF4911F21F7063B0003701AC /* Hodor.app */,
			);
			name = Products;
			sourceTree = "<group>";
		};
		AF4911F41F7063B0003701AC /* Hodor */ = {
			isa = PBXGroup;
			children = (
				AF4911F51F7063B0003701AC /* AppDelegate.swift */,
				AF4911F71F7063B0003701AC /* ViewController.swift */,
				AF4911F91F7063B0003701AC /* Main.storyboard */,
				AF4911FC1F7063B0003701AC /* Assets.xcassets */,
				AF4911FE1F7063B0003701AC /* LaunchScreen.storyboard */,
				AF4912011F7063B0003701AC /* Info.plist */,
				AF4823381F719DB700E83503 /* SettingsController.swift */,
				AF48233A1F71BFCE00E83503 /* HistoryController.swift */,
				AF5A608C1F73104800F927FD /* HistoryCell.swift */,
				AF4023B41F743E0300AF1756 /* UsersController.swift */,
			);
			path = Hodor;
			sourceTree = "<group>";
		};
		AF4912071F706A84003701AC /* Frameworks */ = {
			isa = PBXGroup;
			children = (
				AF4912081F706A84003701AC /* CoreMotion.framework */,
			);
			name = Frameworks;
			sourceTree = "<group>";
		};
/* End PBXGroup section */

/* Begin PBXNativeTarget section */
		AF4911F11F7063B0003701AC /* Hodor */ = {
			isa = PBXNativeTarget;
			buildConfigurationList = AF4912041F7063B0003701AC /* Build configuration list for PBXNativeTarget "Hodor" */;
			buildPhases = (
				AF4911EE1F7063B0003701AC /* Sources */,
				AF4911EF1F7063B0003701AC /* Frameworks */,
				AF4911F01F7063B0003701AC /* Resources */,
			);
			buildRules = (
			);
			dependencies = (
			);
			name = Hodor;
			productName = Hodor;
			productReference = AF4911F21F7063B0003701AC /* Hodor.app */;
			productType = "com.apple.product-type.application";
		};
/* End PBXNativeTarget section */

/* Begin PBXProject section */
		AF4911EA1F7063B0003701AC /* Project object */ = {
			isa = PBXProject;
			attributes = {
				LastSwiftUpdateCheck = 0830;
				LastUpgradeCheck = 0830;
				ORGANIZATIONNAME = Antrov;
				TargetAttributes = {
					AF4911F11F7063B0003701AC = {
						CreatedOnToolsVersion = 8.3.3;
						DevelopmentTeam = 8JCQ7MZJ24;
						ProvisioningStyle = Automatic;
					};
				};
			};
			buildConfigurationList = AF4911ED1F7063B0003701AC /* Build configuration list for PBXProject "Hodor" */;
			compatibilityVersion = "Xcode 3.2";
			developmentRegion = English;
			hasScannedForEncodings = 0;
			knownRegions = (
				en,
				Base,
			);
			mainGroup = AF4911E91F7063B0003701AC;
			productRefGroup = AF4911F31F7063B0003701AC /* Products */;
			projectDirPath = "";
			projectRoot = "";
			targets = (
				AF4911F11F7063B0003701AC /* Hodor */,
			);
		};
/* End PBXProject section */

/* Begin PBXResourcesBuildPhase section */
		AF4911F01F7063B0003701AC /* Resources */ = {
			isa = PBXResourcesBuildPhase;
			buildActionMask = 2147483647;
			files = (
				AF4912001F7063B0003701AC /* LaunchScreen.storyboard in Resources */,
				AF4911FD1F7063B0003701AC /* Assets.xcassets in Resources */,
				AF4911FB1F7063B0003701AC /* Main.storyboard in Resources */,
			);
			runOnlyForDeploymentPostprocessing = 0;
		};
/* End PBXResourcesBuildPhase section */

/* Begin PBXSourcesBuildPhase section */
		AF4911EE1F7063B0003701AC /* Sources */ = {
			isa = PBXSourcesBuildPhase;
			buildActionMask = 2147483647;
			files = (
				AF4823391F719DB700E83503 /* SettingsController.swift in Sources */,
				AF4911F81F7063B0003701AC /* ViewController.swift in Sources */,
				AF4023B51F743E0300AF1756 /* UsersController.swift in Sources */,
				AF48233B1F71BFCE00E83503 /* HistoryController.swift in Sources */,
				AF4911F61F7063B0003701AC /* AppDelegate.swift in Sources */,
				AF5A608D1F73104800F927FD /* HistoryCell.swift in Sources */,
			);
			runOnlyForDeploymentPostprocessing = 0;
		};
/* End PBXSourcesBuildPhase section */

/* Begin PBXVariantGroup section */
		AF4911F91F7063B0003701AC /* Main.storyboard */ = {
			isa = PBXVariantGroup;
			children = (
				AF4911FA1F7063B0003701AC /* Base */,
			);
			name = Main.storyboard;
			sourceTree = "<group>";
		};
		AF4911FE1F7063B0003701AC /* LaunchScreen.storyboard */ = {
			isa = PBXVariantGroup;
			children = (
				AF4911FF1F7063B0003701AC /* Base */,
			);
			name = LaunchScreen.storyboard;
			sourceTree = "<group>";
		};
/* End PBXVariantGroup section */

/* Begin XCBuildConfiguration section */
		AF4912021F7063B0003701AC /* Debug */ = {
			isa = XCBuildConfiguration;
			buildSettings = {
				ALWAYS_SEARCH_USER_PATHS = NO;
				CLANG_ANALYZER_NONNULL = YES;
				CLANG_ANALYZER_NUMBER_OBJECT_CONVERSION = YES_AGGRESSIVE;
				CLANG_CXX_LANGUAGE_STANDARD = "gnu++0x";
				CLANG_CXX_LIBRARY = "libc++";
				CLANG_ENABLE_MODULES = YES;
				CLANG_ENABLE_OBJC_ARC = YES;
				CLANG_WARN_BOOL_CONVERSION = YES;
				CLANG_WARN_CONSTANT_CONVERSION = YES;
				CLANG_WARN_DIRECT_OBJC_ISA_USAGE = YES_ERROR;
				CLANG_WARN_DOCUMENTATION_COMMENTS = YES;
				CLANG_WARN_EMPTY_BODY = YES;
				CLANG_WARN_ENUM_CONVERSION = YES;
				CLANG_WARN_INFINITE_RECURSION = YES;
				CLANG_WARN_INT_CONVERSION = YES;
				CLANG_WARN_OBJC_ROOT_CLASS = YES_ERROR;
				CLANG_WARN_SUSPICIOUS_MOVE = YES;
				CLANG_WARN_UNREACHABLE_CODE = YES;
				CLANG_WARN__DUPLICATE_METHOD_MATCH = YES;
				"CODE_SIGN_IDENTITY[sdk=iphoneos*]" = "iPhone Developer";
				COPY_PHASE_STRIP = NO;
				DEBUG_INFORMATION_FORMAT = dwarf;
				ENABLE_STRICT_OBJC_MSGSEND = YES;
				ENABLE_TESTABILITY = YES;
				GCC_C_LANGUAGE_STANDARD = gnu99;
				GCC_DYNAMIC_NO_PIC = NO;
				GCC_NO_COMMON_BLOCKS = YES;
				GCC_OPTIMIZATION_LEVEL = 0;
				GCC_PREPROCESSOR_DEFINITIONS = (
					"DEBUG=1",
					"$(inherited)",
				);
				GCC_WARN_64_TO_32_BIT_CONVERSION = YES;
				GCC_WARN_ABOUT_RETURN_TYPE = YES_ERROR;
				GCC_WARN_UNDECLARED_SELECTOR = YES;
				GCC_WARN_UNINITIALIZED_AUTOS = YES_AGGRESSIVE;
				GCC_WARN_UNUSED_FUNCTION = YES;
				GCC_WARN_UNUSED_VARIABLE = YES;
				IPHONEOS_DEPLOYMENT_TARGET = 10.3;
				MTL_ENABLE_DEBUG_INFO = YES;
				ONLY_ACTIVE_ARCH = YES;
				SDKROOT = iphoneos;
				SWIFT_ACTIVE_COMPILATION_CONDITIONS = DEBUG;
				SWIFT_OPTIMIZATION_LEVEL = "-Onone";
			};
			name = Debug;
		};
		AF4912031F7063B0003701AC /* Release */ = {
			isa = XCBuildConfiguration;
			buildSettings = {
				ALWAYS_SEARCH_USER_PATHS = NO;
				CLANG_ANALYZER_NONNULL = YES;
				CLANG_ANALYZER_NUMBER_OBJECT_CONVERSION = YES_AGGRESSIVE;
				CLANG_CXX_LANGUAGE_STANDARD = "gnu++0x";
				CLANG_CXX_LIBRARY = "libc++";
				CLANG_ENABLE_MODULES = YES;
				CLANG_ENABLE_OBJC_ARC = YES;
				CLANG_WARN_BOOL_CONVERSION = YES;
				CLANG_WARN_CONSTANT_CONVERSION = YES;
				CLANG_WARN_DIRECT_OBJC_ISA_USAGE = YES_ERROR;
				CLANG_WARN_DOCUMENTATION_COMMENTS = YES;
				CLANG_WARN_EMPTY_BODY = YES;
				CLANG_WARN_ENUM_CONVERSION = YES;
				CLANG_WARN_INFINITE_RECURSION = YES;
				CLANG_WARN_INT_CONVERSION = YES;
				CLANG_WARN_OBJC_ROOT_CLASS = YES_ERROR;
				CLANG_WARN_SUSPICIOUS_MOVE = YES;
				CLANG_WARN_UNREACHABLE_CODE = YES;
				CLANG_WARN__DUPLICATE_METHOD_MATCH = YES;
				"CODE_SIGN_IDENTITY[sdk=iphoneos*]" = "iPhone Developer";
				COPY_PHASE_STRIP = NO;
				DEBUG_INFORMATION_FORMAT = "dwarf-with-dsym";
				ENABLE_NS_ASSERTIONS = NO;
				ENABLE_STRICT_OBJC_MSGSEND = YES;
				GCC_C_LANGUAGE_STANDARD = gnu99;
				GCC_NO_COMMON_BLOCKS = YES;
				GCC_WARN_64_TO_32_BIT_CONVERSION = YES;
				GCC_WARN_ABOUT_RETURN_TYPE = YES_ERROR;
				GCC_WARN_UNDECLARED_SELECTOR = YES;
				GCC_WARN_UNINITIALIZED_AUTOS = YES_AGGRESSIVE;
				GCC_WARN_UNUSED_FUNCTION = YES;
				GCC_WARN_UNUSED_VARIABLE = YES;
				IPHONEOS_DEPLOYMENT_TARGET = 10.3;
				MTL_ENABLE_DEBUG_INFO = NO;
				SDKROOT = iphoneos;
				SWIFT_OPTIMIZATION_LEVEL = "-Owholemodule";
				VALIDATE_PRODUCT = YES;
			};
			name = Release;
		};
		AF4912051F7063B0003701AC /* Debug */ = {
			isa = XCBuildConfiguration;
			buildSettings = {
				ASSETCATALOG_COMPILER_APPICON_NAME = AppIcon;
				DEVELOPMENT_TEAM = 8JCQ7MZJ24;
				INFOPLIST_FILE = Hodor/Info.plist;
				IPHONEOS_DEPLOYMENT_TARGET = 7.1;
				LD_RUNPATH_SEARCH_PATHS = "$(inherited) @executable_path/Frameworks";
				PRODUCT_BUNDLE_IDENTIFIER = com.antrov.hodor;
				PRODUCT_NAME = "$(TARGET_NAME)";
				SWIFT_VERSION = 3.0;
			};
			name = Debug;
		};
		AF4912061F7063B0003701AC /* Release */ = {
			isa = XCBuildConfiguration;
			buildSettings = {
				ASSETCATALOG_COMPILER_APPICON_NAME = AppIcon;
				DEVELOPMENT_TEAM = 8JCQ7MZJ24;
				INFOPLIST_FILE = Hodor/Info.plist;
				IPHONEOS_DEPLOYMENT_TARGET = 7.1;
				LD_RUNPATH_SEARCH_PATHS = "$(inherited) @executable_path/Frameworks";
				PRODUCT_BUNDLE_IDENTIFIER = com.antrov.hodor;
				PRODUCT_NAME = "$(TARGET_NAME)";
				SWIFT_VERSION = 3.0;
			};
			name = Release;
		};
/* End XCBuildConfiguration section */

/* Begin XCConfigurationList section */
		AF4911ED1F7063B0003701AC /* Build configuration list for PBXProject "Hodor" */ = {
			isa = XCConfigurationList;
			buildConfigurations = (
				AF4912021F7063B0003701AC /* Debug */,
				AF4912031F7063B0003701AC /* Release */,
			);
			defaultConfigurationIsVisible = 0;
			defaultConfigurationName = Release;
		};
		AF4912041F7063B0003701AC /* Build configuration list for PBXNativeTarget "Hodor" */ = {
			isa = XCConfigurationList;
			buildConfigurations = (
				AF4912051F7063B0003701AC /* Debug */,
				AF4912061F7063B0003701AC /* Release */,
			);
			defaultConfigurationIsVisible = 0;
			defaultConfigurationName = Release;
		};
/* End XCConfigurationList section */
	};
	rootObject = AF4911EA1F7063B0003701AC /* Project object */;
}
